
Microsoft Visual Studio Solution File, Format Version 12.00
# Visual Studio Version 16
VisualStudioVersion = 16.0.30523.141
MinimumVisualStudioVersion = 10.0.40219.1
Project("{FAE04EC0-301F-11D3-BF4B-00C04F79EFBC}") = "Example", "Example\Example.csproj", "{60EF3D76-A248-419D-9BFF-1C9C5C0C8ED5}"
EndProject
Global
	GlobalSection(SolutionConfigurationPlatforms) = preSolution
		Debug|Any CPU = Debug|Any CPU
		Release|Any CPU = Release|Any CPU
	EndGlobalSection
	GlobalSection(ProjectConfigurationPlatforms) = postSolution
		{60EF3D76-A248-419D-9BFF-1C9C5C0C8ED5}.Debug|Any CPU.ActiveCfg = Debug|Any CPU
		{60EF3D76-A248-419D-9BFF-1C9C5C0C8ED5}.Debug|Any CPU.Build.0 = Debug|Any CPU
		{60EF3D76-A248-419D-9BFF-1C9C5C0C8ED5}.Release|Any CPU.ActiveCfg = Release|Any CPU
		{60EF3D76-A248-419D-9BFF-1C9C5C0C8ED5}.Release|Any CPU.Build.0 = Release|Any CPU
	EndGlobalSection
	GlobalSection(SolutionProperties) = preSolution
		HideSolutionNode = FALSE
	EndGlobalSection
	GlobalSection(ExtensibilityGlobals) = postSolution
		SolutionGuid = {79AD6234-B2B0-4F7F-8AD2-3669D5A79783}
	EndGlobalSection
EndGlobal
